
Microsoft Visual Studio Solution File, Format Version 12.00
# Visual Studio 15
VisualStudioVersion = 15.0.28307.1738
MinimumVisualStudioVersion = 10.0.40219.1
Project("{FAE04EC0-301F-11D3-BF4B-00C04F79EFBC}") = "ConsoleApp_LeituraDeArquivoTexto", "ConsoleApp_LeituraDeArquivoTexto\ConsoleApp_LeituraDeArquivoTexto.csproj", "{A49C3AA4-3FA4-4650-8C03-29A608077E6A}"
EndProject
Project("{FAE04EC0-301F-11D3-BF4B-00C04F79EFBC}") = "ConsoleApp_LeituraDeListaConversaoJson", "ConsoleApp_LeituraDeListaConversaoJson\ConsoleApp_LeituraDeListaConversaoJson.csproj", "{6BA7F5DD-BA1C-4640-8335-5D3F830D15DB}"
EndProject
Global
	GlobalSection(SolutionConfigurationPlatforms) = preSolution
		Debug|Any CPU = Debug|Any CPU
		Release|Any CPU = Release|Any CPU
	EndGlobalSection
	GlobalSection(ProjectConfigurationPlatforms) = postSolution
		{A49C3AA4-3FA4-4650-8C03-29A608077E6A}.Debug|Any CPU.ActiveCfg = Debug|Any CPU
		{A49C3AA4-3FA4-4650-8C03-29A608077E6A}.Debug|Any CPU.Build.0 = Debug|Any CPU
		{A49C3AA4-3FA4-4650-8C03-29A608077E6A}.Release|Any CPU.ActiveCfg = Release|Any CPU
		{A49C3AA4-3FA4-4650-8C03-29A608077E6A}.Release|Any CPU.Build.0 = Release|Any CPU
		{6BA7F5DD-BA1C-4640-8335-5D3F830D15DB}.Debug|Any CPU.ActiveCfg = Debug|Any CPU
		{6BA7F5DD-BA1C-4640-8335-5D3F830D15DB}.Debug|Any CPU.Build.0 = Debug|Any CPU
		{6BA7F5DD-BA1C-4640-8335-5D3F830D15DB}.Release|Any CPU.ActiveCfg = Release|Any CPU
		{6BA7F5DD-BA1C-4640-8335-5D3F830D15DB}.Release|Any CPU.Build.0 = Release|Any CPU
	EndGlobalSection
	GlobalSection(SolutionProperties) = preSolution
		HideSolutionNode = FALSE
	EndGlobalSection
	GlobalSection(ExtensibilityGlobals) = postSolution
		SolutionGuid = {C38B1C66-086D-4899-9105-279E95D8A738}
	EndGlobalSection
EndGlobal
